{
  "name": "hra",
  "lockfileVersion": 3,
  "requires": true,
  "packages": {
    "": {
      "dependencies": {
        "xslt-processor": "^5.0.4"
      }
    },
    "node_modules/xslt-processor": {
      "version": "5.0.4",
      "resolved": "https://registry.npmjs.org/xslt-processor/-/xslt-processor-5.0.4.tgz",
      "integrity": "sha512-YNmbArXytrACEmMVfz/baGG09l7LJqtbQXd7xp8q+MIBkikyTziWrKmOufFugOyGdRmv2ZfrTU0mtGaoE9JSmw==",
      "license": "LGPL-3.0"
    }
  }
}
